
Microsoft Visual Studio Solution File, Format Version 12.00
# Visual Studio 15
Project("{FAE04EC0-301F-11D3-BF4B-00C04F79EFBC}") = "Revise", "Assembly-CSharp.csproj", "{F1EA8BF0-CE8F-9EF1-E966-714A6F8504C9}"
EndProject
Project("{FAE04EC0-301F-11D3-BF4B-00C04F79EFBC}") = "Revise", "Assembly-CSharp-Editor.csproj", "{0D7650D7-9487-E5B1-2D74-FF6CA7EEE8CD}"
EndProject
Global
	GlobalSection(SolutionConfigurationPlatforms) = preSolution
		Debug|Any CPU = Debug|Any CPU
		Release|Any CPU = Release|Any CPU
	EndGlobalSection
	GlobalSection(ProjectConfigurationPlatforms) = postSolution
		{F1EA8BF0-CE8F-9EF1-E966-714A6F8504C9}.Debug|Any CPU.ActiveCfg = Debug|Any CPU
		{F1EA8BF0-CE8F-9EF1-E966-714A6F8504C9}.Debug|Any CPU.Build.0 = Debug|Any CPU
		{F1EA8BF0-CE8F-9EF1-E966-714A6F8504C9}.Release|Any CPU.ActiveCfg = Release|Any CPU
		{F1EA8BF0-CE8F-9EF1-E966-714A6F8504C9}.Release|Any CPU.Build.0 = Release|Any CPU
		{0D7650D7-9487-E5B1-2D74-FF6CA7EEE8CD}.Debug|Any CPU.ActiveCfg = Debug|Any CPU
		{0D7650D7-9487-E5B1-2D74-FF6CA7EEE8CD}.Debug|Any CPU.Build.0 = Debug|Any CPU
		{0D7650D7-9487-E5B1-2D74-FF6CA7EEE8CD}.Release|Any CPU.ActiveCfg = Release|Any CPU
		{0D7650D7-9487-E5B1-2D74-FF6CA7EEE8CD}.Release|Any CPU.Build.0 = Release|Any CPU
	EndGlobalSection
	GlobalSection(SolutionProperties) = preSolution
		HideSolutionNode = FALSE
	EndGlobalSection
EndGlobal
